// !$*UTF8*$!
{
	archiveVersion = 1;
	classes = {
	};
	objectVersion = 56;
	objects = {

/* Begin PBXBuildFile section */
		643261332AD2A1B800070B30 /* LearnerApp_Mini2App.swift in Sources */ = {isa = PBXBuildFile; fileRef = 643261322AD2A1B800070B30 /* LearnerApp_Mini2App.swift */; };
		643261352AD2A1B800070B30 /* ContentView.swift in Sources */ = {isa = PBXBuildFile; fileRef = 643261342AD2A1B800070B30 /* ContentView.swift */; };
		643261372AD2A1B900070B30 /* Assets.xcassets in Resources */ = {isa = PBXBuildFile; fileRef = 643261362AD2A1B900070B30 /* Assets.xcassets */; };
		6432613A2AD2A1B900070B30 /* Preview Assets.xcassets in Resources */ = {isa = PBXBuildFile; fileRef = 643261392AD2A1B900070B30 /* Preview Assets.xcassets */; };
		643261422AD2AE4700070B30 /* Learner.swift in Sources */ = {isa = PBXBuildFile; fileRef = 643261412AD2AE4700070B30 /* Learner.swift */; };
		643261442AD2AE8800070B30 /* LearnerViewModel.swift in Sources */ = {isa = PBXBuildFile; fileRef = 643261432AD2AE8800070B30 /* LearnerViewModel.swift */; };
/* End PBXBuildFile section */

/* Begin PBXFileReference section */
		6432612F2AD2A1B800070B30 /* LearnerApp-Mini2.app */ = {isa = PBXFileReference; explicitFileType = wrapper.application; includeInIndex = 0; path = "LearnerApp-Mini2.app"; sourceTree = BUILT_PRODUCTS_DIR; };
		643261322AD2A1B800070B30 /* LearnerApp_Mini2App.swift */ = {isa = PBXFileReference; lastKnownFileType = sourcecode.swift; path = LearnerApp_Mini2App.swift; sourceTree = "<group>"; };
		643261342AD2A1B800070B30 /* ContentView.swift */ = {isa = PBXFileReference; lastKnownFileType = sourcecode.swift; path = ContentView.swift; sourceTree = "<group>"; };
		643261362AD2A1B900070B30 /* Assets.xcassets */ = {isa = PBXFileReference; lastKnownFileType = folder.assetcatalog; path = Assets.xcassets; sourceTree = "<group>"; };
		643261392AD2A1B900070B30 /* Preview Assets.xcassets */ = {isa = PBXFileReference; lastKnownFileType = folder.assetcatalog; path = "Preview Assets.xcassets"; sourceTree = "<group>"; };
		643261402AD2A72E00070B30 /* LearnerApp-Mini2.entitlements */ = {isa = PBXFileReference; lastKnownFileType = text.plist.entitlements; path = "LearnerApp-Mini2.entitlements"; sourceTree = "<group>"; };
		643261412AD2AE4700070B30 /* Learner.swift */ = {isa = PBXFileReference; lastKnownFileType = sourcecode.swift; path = Learner.swift; sourceTree = "<group>"; };
		643261432AD2AE8800070B30 /* LearnerViewModel.swift */ = {isa = PBXFileReference; lastKnownFileType = sourcecode.swift; path = LearnerViewModel.swift; sourceTree = "<group>"; };
/* End PBXFileReference section */

/* Begin PBXFrameworksBuildPhase section */
		6432612C2AD2A1B800070B30 /* Frameworks */ = {
			isa = PBXFrameworksBuildPhase;
			buildActionMask = 2147483647;
			files = (
			);
			runOnlyForDeploymentPostprocessing = 0;
		};
/* End PBXFrameworksBuildPhase section */

/* Begin PBXGroup section */
		643261262AD2A1B800070B30 = {
			isa = PBXGroup;
			children = (
				643261312AD2A1B800070B30 /* LearnerApp-Mini2 */,
				643261302AD2A1B800070B30 /* Products */,
			);
			sourceTree = "<group>";
		};
		643261302AD2A1B800070B30 /* Products */ = {
			isa = PBXGroup;
			children = (
				6432612F2AD2A1B800070B30 /* LearnerApp-Mini2.app */,
			);
			name = Products;
			sourceTree = "<group>";
		};
		643261312AD2A1B800070B30 /* LearnerApp-Mini2 */ = {
			isa = PBXGroup;
			children = (
				643261402AD2A72E00070B30 /* LearnerApp-Mini2.entitlements */,
				643261322AD2A1B800070B30 /* LearnerApp_Mini2App.swift */,
				643261472AD2AF0600070B30 /* View */,
				643261452AD2AEF400070B30 /* Model */,
				643261462AD2AEFD00070B30 /* ViewModel */,
				643261362AD2A1B900070B30 /* Assets.xcassets */,
				643261382AD2A1B900070B30 /* Preview Content */,
			);
			path = "LearnerApp-Mini2";
			sourceTree = "<group>";
		};
		643261382AD2A1B900070B30 /* Preview Content */ = {
			isa = PBXGroup;
			children = (
				643261392AD2A1B900070B30 /* Preview Assets.xcassets */,
			);
			path = "Preview Content";
			sourceTree = "<group>";
		};
		643261452AD2AEF400070B30 /* Model */ = {
			isa = PBXGroup;
			children = (
				643261412AD2AE4700070B30 /* Learner.swift */,
			);
			path = Model;
			sourceTree = "<group>";
		};
		643261462AD2AEFD00070B30 /* ViewModel */ = {
			isa = PBXGroup;
			children = (
				643261432AD2AE8800070B30 /* LearnerViewModel.swift */,
			);
			path = ViewModel;
			sourceTree = "<group>";
		};
		643261472AD2AF0600070B30 /* View */ = {
			isa = PBXGroup;
			children = (
				643261342AD2A1B800070B30 /* ContentView.swift */,
			);
			path = View;
			sourceTree = "<group>";
		};
/* End PBXGroup section */

/* Begin PBXNativeTarget section */
		6432612E2AD2A1B800070B30 /* LearnerApp-Mini2 */ = {
			isa = PBXNativeTarget;
			buildConfigurationList = 6432613D2AD2A1B900070B30 /* Build configuration list for PBXNativeTarget "LearnerApp-Mini2" */;
			buildPhases = (
				6432612B2AD2A1B800070B30 /* Sources */,
				6432612C2AD2A1B800070B30 /* Frameworks */,
				6432612D2AD2A1B800070B30 /* Resources */,
			);
			buildRules = (
			);
			dependencies = (
			);
			name = "LearnerApp-Mini2";
			productName = "LearnerApp-Mini2";
			productReference = 6432612F2AD2A1B800070B30 /* LearnerApp-Mini2.app */;
			productType = "com.apple.product-type.application";
		};
/* End PBXNativeTarget section */

/* Begin PBXProject section */
		643261272AD2A1B800070B30 /* Project object */ = {
			isa = PBXProject;
			attributes = {
				BuildIndependentTargetsInParallel = 1;
				LastSwiftUpdateCheck = 1500;
				LastUpgradeCheck = 1500;
				TargetAttributes = {
					6432612E2AD2A1B800070B30 = {
						CreatedOnToolsVersion = 15.0;
					};
				};
			};
			buildConfigurationList = 6432612A2AD2A1B800070B30 /* Build configuration list for PBXProject "LearnerApp-Mini2" */;
			compatibilityVersion = "Xcode 14.0";
			developmentRegion = en;
			hasScannedForEncodings = 0;
			knownRegions = (
				en,
				Base,
			);
			mainGroup = 643261262AD2A1B800070B30;
			productRefGroup = 643261302AD2A1B800070B30 /* Products */;
			projectDirPath = "";
			projectRoot = "";
			targets = (
				6432612E2AD2A1B800070B30 /* LearnerApp-Mini2 */,
			);
		};
/* End PBXProject section */

/* Begin PBXResourcesBuildPhase section */
		6432612D2AD2A1B800070B30 /* Resources */ = {
			isa = PBXResourcesBuildPhase;
			buildActionMask = 2147483647;
			files = (
				6432613A2AD2A1B900070B30 /* Preview Assets.xcassets in Resources */,
				643261372AD2A1B900070B30 /* Assets.xcassets in Resources */,
			);
			runOnlyForDeploymentPostprocessing = 0;
		};
/* End PBXResourcesBuildPhase section */

/* Begin PBXSourcesBuildPhase section */
		6432612B2AD2A1B800070B30 /* Sources */ = {
			isa = PBXSourcesBuildPhase;
			buildActionMask = 2147483647;
			files = (
				643261422AD2AE4700070B30 /* Learner.swift in Sources */,
				643261352AD2A1B800070B30 /* ContentView.swift in Sources */,
				643261442AD2AE8800070B30 /* LearnerViewModel.swift in Sources */,
				643261332AD2A1B800070B30 /* LearnerApp_Mini2App.swift in Sources */,
			);
			runOnlyForDeploymentPostprocessing = 0;
		};
/* End PBXSourcesBuildPhase section */

/* Begin XCBuildConfiguration section */
		6432613B2AD2A1B900070B30 /* Debug */ = {
			isa = XCBuildConfiguration;
			buildSettings = {
				ALWAYS_SEARCH_USER_PATHS = NO;
				ASSETCATALOG_COMPILER_GENERATE_SWIFT_ASSET_SYMBOL_EXTENSIONS = YES;
				CLANG_ANALYZER_NONNULL = YES;
				CLANG_ANALYZER_NUMBER_OBJECT_CONVERSION = YES_AGGRESSIVE;
				CLANG_CXX_LANGUAGE_STANDARD = "gnu++20";
				CLANG_ENABLE_MODULES = YES;
				CLANG_ENABLE_OBJC_ARC = YES;
				CLANG_ENABLE_OBJC_WEAK = YES;
				CLANG_WARN_BLOCK_CAPTURE_AUTORELEASING = YES;
				CLANG_WARN_BOOL_CONVERSION = YES;
				CLANG_WARN_COMMA = YES;
				CLANG_WARN_CONSTANT_CONVERSION = YES;
				CLANG_WARN_DEPRECATED_OBJC_IMPLEMENTATIONS = YES;
				CLANG_WARN_DIRECT_OBJC_ISA_USAGE = YES_ERROR;
				CLANG_WARN_DOCUMENTATION_COMMENTS = YES;
				CLANG_WARN_EMPTY_BODY = YES;
				CLANG_WARN_ENUM_CONVERSION = YES;
				CLANG_WARN_INFINITE_RECURSION = YES;
				CLANG_WARN_INT_CONVERSION = YES;
				CLANG_WARN_NON_LITERAL_NULL_CONVERSION = YES;
				CLANG_WARN_OBJC_IMPLICIT_RETAIN_SELF = YES;
				CLANG_WARN_OBJC_LITERAL_CONVERSION = YES;
				CLANG_WARN_OBJC_ROOT_CLASS = YES_ERROR;
				CLANG_WARN_QUOTED_INCLUDE_IN_FRAMEWORK_HEADER = YES;
				CLANG_WARN_RANGE_LOOP_ANALYSIS = YES;
				CLANG_WARN_STRICT_PROTOTYPES = YES;
				CLANG_WARN_SUSPICIOUS_MOVE = YES;
				CLANG_WARN_UNGUARDED_AVAILABILITY = YES_AGGRESSIVE;
				CLANG_WARN_UNREACHABLE_CODE = YES;
				CLANG_WARN__DUPLICATE_METHOD_MATCH = YES;
				COPY_PHASE_STRIP = NO;
				DEBUG_INFORMATION_FORMAT = dwarf;
				ENABLE_STRICT_OBJC_MSGSEND = YES;
				ENABLE_TESTABILITY = YES;
				ENABLE_USER_SCRIPT_SANDBOXING = YES;
				GCC_C_LANGUAGE_STANDARD = gnu17;
				GCC_DYNAMIC_NO_PIC = NO;
				GCC_NO_COMMON_BLOCKS = YES;
				GCC_OPTIMIZATION_LEVEL = 0;
				GCC_PREPROCESSOR_DEFINITIONS = (
					"DEBUG=1",
					"$(inherited)",
				);
				GCC_WARN_64_TO_32_BIT_CONVERSION = YES;
				GCC_WARN_ABOUT_RETURN_TYPE = YES_ERROR;
				GCC_WARN_UNDECLARED_SELECTOR = YES;
				GCC_WARN_UNINITIALIZED_AUTOS = YES_AGGRESSIVE;
				GCC_WARN_UNUSED_FUNCTION = YES;
				GCC_WARN_UNUSED_VARIABLE = YES;
				IPHONEOS_DEPLOYMENT_TARGET = 17.0;
				LOCALIZATION_PREFERS_STRING_CATALOGS = YES;
				MTL_ENABLE_DEBUG_INFO = INCLUDE_SOURCE;
				MTL_FAST_MATH = YES;
				ONLY_ACTIVE_ARCH = YES;
				SDKROOT = iphoneos;
				SWIFT_ACTIVE_COMPILATION_CONDITIONS = "DEBUG $(inherited)";
				SWIFT_OPTIMIZATION_LEVEL = "-Onone";
			};
			name = Debug;
		};
		6432613C2AD2A1B900070B30 /* Release */ = {
			isa = XCBuildConfiguration;
			buildSettings = {
				ALWAYS_SEARCH_USER_PATHS = NO;
				ASSETCATALOG_COMPILER_GENERATE_SWIFT_ASSET_SYMBOL_EXTENSIONS = YES;
				CLANG_ANALYZER_NONNULL = YES;
				CLANG_ANALYZER_NUMBER_OBJECT_CONVERSION = YES_AGGRESSIVE;
				CLANG_CXX_LANGUAGE_STANDARD = "gnu++20";
				CLANG_ENABLE_MODULES = YES;
				CLANG_ENABLE_OBJC_ARC = YES;
				CLANG_ENABLE_OBJC_WEAK = YES;
				CLANG_WARN_BLOCK_CAPTURE_AUTORELEASING = YES;
				CLANG_WARN_BOOL_CONVERSION = YES;
				CLANG_WARN_COMMA = YES;
				CLANG_WARN_CONSTANT_CONVERSION = YES;
				CLANG_WARN_DEPRECATED_OBJC_IMPLEMENTATIONS = YES;
				CLANG_WARN_DIRECT_OBJC_ISA_USAGE = YES_ERROR;
				CLANG_WARN_DOCUMENTATION_COMMENTS = YES;
				CLANG_WARN_EMPTY_BODY = YES;
				CLANG_WARN_ENUM_CONVERSION = YES;
				CLANG_WARN_INFINITE_RECURSION = YES;
				CLANG_WARN_INT_CONVERSION = YES;
				CLANG_WARN_NON_LITERAL_NULL_CONVERSION = YES;
				CLANG_WARN_OBJC_IMPLICIT_RETAIN_SELF = YES;
				CLANG_WARN_OBJC_LITERAL_CONVERSION = YES;
				CLANG_WARN_OBJC_ROOT_CLASS = YES_ERROR;
				CLANG_WARN_QUOTED_INCLUDE_IN_FRAMEWORK_HEADER = YES;
				CLANG_WARN_RANGE_LOOP_ANALYSIS = YES;
				CLANG_WARN_STRICT_PROTOTYPES = YES;
				CLANG_WARN_SUSPICIOUS_MOVE = YES;
				CLANG_WARN_UNGUARDED_AVAILABILITY = YES_AGGRESSIVE;
				CLANG_WARN_UNREACHABLE_CODE = YES;
				CLANG_WARN__DUPLICATE_METHOD_MATCH = YES;
				COPY_PHASE_STRIP = NO;
				DEBUG_INFORMATION_FORMAT = "dwarf-with-dsym";
				ENABLE_NS_ASSERTIONS = NO;
				ENABLE_STRICT_OBJC_MSGSEND = YES;
				ENABLE_USER_SCRIPT_SANDBOXING = YES;
				GCC_C_LANGUAGE_STANDARD = gnu17;
				GCC_NO_COMMON_BLOCKS = YES;
				GCC_WARN_64_TO_32_BIT_CONVERSION = YES;
				GCC_WARN_ABOUT_RETURN_TYPE = YES_ERROR;
				GCC_WARN_UNDECLARED_SELECTOR = YES;
				GCC_WARN_UNINITIALIZED_AUTOS = YES_AGGRESSIVE;
				GCC_WARN_UNUSED_FUNCTION = YES;
				GCC_WARN_UNUSED_VARIABLE = YES;
				IPHONEOS_DEPLOYMENT_TARGET = 17.0;
				LOCALIZATION_PREFERS_STRING_CATALOGS = YES;
				MTL_ENABLE_DEBUG_INFO = NO;
				MTL_FAST_MATH = YES;
				SDKROOT = iphoneos;
				SWIFT_COMPILATION_MODE = wholemodule;
				VALIDATE_PRODUCT = YES;
			};
			name = Release;
		};
		6432613E2AD2A1B900070B30 /* Debug */ = {
			isa = XCBuildConfiguration;
			buildSettings = {
				ASSETCATALOG_COMPILER_APPICON_NAME = AppIcon;
				ASSETCATALOG_COMPILER_GLOBAL_ACCENT_COLOR_NAME = AccentColor;
				CODE_SIGN_ENTITLEMENTS = "LearnerApp-Mini2/LearnerApp-Mini2.entitlements";
				CODE_SIGN_STYLE = Automatic;
				CURRENT_PROJECT_VERSION = 1;
				DEVELOPMENT_ASSET_PATHS = "\"LearnerApp-Mini2/Preview Content\"";
				DEVELOPMENT_TEAM = G5D25L4VAK;
				ENABLE_PREVIEWS = YES;
				GENERATE_INFOPLIST_FILE = YES;
				INFOPLIST_KEY_UIApplicationSceneManifest_Generation = YES;
				INFOPLIST_KEY_UIApplicationSupportsIndirectInputEvents = YES;
				INFOPLIST_KEY_UILaunchScreen_Generation = YES;
				INFOPLIST_KEY_UISupportedInterfaceOrientations_iPad = "UIInterfaceOrientationPortrait UIInterfaceOrientationPortraitUpsideDown UIInterfaceOrientationLandscapeLeft UIInterfaceOrientationLandscapeRight";
				INFOPLIST_KEY_UISupportedInterfaceOrientations_iPhone = "UIInterfaceOrientationPortrait UIInterfaceOrientationLandscapeLeft UIInterfaceOrientationLandscapeRight";
				IPHONEOS_DEPLOYMENT_TARGET = 16.0;
				LD_RUNPATH_SEARCH_PATHS = (
					"$(inherited)",
					"@executable_path/Frameworks",
				);
				MARKETING_VERSION = 1.0;
				PRODUCT_BUNDLE_IDENTIFIER = "com.ADATWQ.LearnerApp-Mini2";
				PRODUCT_NAME = "$(TARGET_NAME)";
				SWIFT_EMIT_LOC_STRINGS = YES;
				SWIFT_VERSION = 5.0;
				TARGETED_DEVICE_FAMILY = "1,2";
			};
			name = Debug;
		};
		6432613F2AD2A1B900070B30 /* Release */ = {
			isa = XCBuildConfiguration;
			buildSettings = {
				ASSETCATALOG_COMPILER_APPICON_NAME = AppIcon;
				ASSETCATALOG_COMPILER_GLOBAL_ACCENT_COLOR_NAME = AccentColor;
				CODE_SIGN_ENTITLEMENTS = "LearnerApp-Mini2/LearnerApp-Mini2.entitlements";
				CODE_SIGN_STYLE = Automatic;
				CURRENT_PROJECT_VERSION = 1;
				DEVELOPMENT_ASSET_PATHS = "\"LearnerApp-Mini2/Preview Content\"";
				DEVELOPMENT_TEAM = G5D25L4VAK;
				ENABLE_PREVIEWS = YES;
				GENERATE_INFOPLIST_FILE = YES;
				INFOPLIST_KEY_UIApplicationSceneManifest_Generation = YES;
				INFOPLIST_KEY_UIApplicationSupportsIndirectInputEvents = YES;
				INFOPLIST_KEY_UILaunchScreen_Generation = YES;
				INFOPLIST_KEY_UISupportedInterfaceOrientations_iPad = "UIInterfaceOrientationPortrait UIInterfaceOrientationPortraitUpsideDown UIInterfaceOrientationLandscapeLeft UIInterfaceOrientationLandscapeRight";
				INFOPLIST_KEY_UISupportedInterfaceOrientations_iPhone = "UIInterfaceOrientationPortrait UIInterfaceOrientationLandscapeLeft UIInterfaceOrientationLandscapeRight";
				IPHONEOS_DEPLOYMENT_TARGET = 16.0;
				LD_RUNPATH_SEARCH_PATHS = (
					"$(inherited)",
					"@executable_path/Frameworks",
				);
				MARKETING_VERSION = 1.0;
				PRODUCT_BUNDLE_IDENTIFIER = "com.ADATWQ.LearnerApp-Mini2";
				PRODUCT_NAME = "$(TARGET_NAME)";
				SWIFT_EMIT_LOC_STRINGS = YES;
				SWIFT_VERSION = 5.0;
				TARGETED_DEVICE_FAMILY = "1,2";
			};
			name = Release;
		};
/* End XCBuildConfiguration section */

/* Begin XCConfigurationList section */
		6432612A2AD2A1B800070B30 /* Build configuration list for PBXProject "LearnerApp-Mini2" */ = {
			isa = XCConfigurationList;
			buildConfigurations = (
				6432613B2AD2A1B900070B30 /* Debug */,
				6432613C2AD2A1B900070B30 /* Release */,
			);
			defaultConfigurationIsVisible = 0;
			defaultConfigurationName = Release;
		};
		6432613D2AD2A1B900070B30 /* Build configuration list for PBXNativeTarget "LearnerApp-Mini2" */ = {
			isa = XCConfigurationList;
			buildConfigurations = (
				6432613E2AD2A1B900070B30 /* Debug */,
				6432613F2AD2A1B900070B30 /* Release */,
			);
			defaultConfigurationIsVisible = 0;
			defaultConfigurationName = Release;
		};
/* End XCConfigurationList section */
	};
	rootObject = 643261272AD2A1B800070B30 /* Project object */;
}
